
Microsoft Visual Studio Solution File, Format Version 12.00
# Visual Studio Version 17
VisualStudioVersion = 17.3.32929.385
MinimumVisualStudioVersion = 10.0.40219.1
Project("{9A19103F-16F7-4668-BE54-9A1E7A4F7556}") = "Harjoitus1", "Harjoitus1\Harjoitus1.csproj", "{76BB45DB-E4FA-4365-81E4-8056B0538709}"
EndProject
Project("{9A19103F-16F7-4668-BE54-9A1E7A4F7556}") = "Harjoitus2", "Harjoitus2\Harjoitus2.csproj", "{3B14A0E5-0F41-4DB8-A9CD-531F673669ED}"
EndProject
Project("{9A19103F-16F7-4668-BE54-9A1E7A4F7556}") = "Harjoitus3KT", "Harjoitus3\Harjoitus3KT.csproj", "{B017010C-B094-440A-889D-1636884D62C3}"
EndProject
Project("{9A19103F-16F7-4668-BE54-9A1E7A4F7556}") = "Harjoitus4KT", "Harjoitus4 (KT)\Harjoitus4KT.csproj", "{B447A126-7E12-49D1-9A30-9607076820B5}"
EndProject
Project("{9A19103F-16F7-4668-BE54-9A1E7A4F7556}") = "Harjoitus5", "Harjoitus5\Harjoitus5.csproj", "{C10A4CA5-1CB3-4CE8-96DB-3D4BEB643924}"
EndProject
Project("{9A19103F-16F7-4668-BE54-9A1E7A4F7556}") = "Harjoitus6", "Harjoitus6\Harjoitus6.csproj", "{2990F691-2EEB-4456-BD1A-39784E6B4683}"
EndProject
Project("{9A19103F-16F7-4668-BE54-9A1E7A4F7556}") = "Harjoitus7", "Harjoitus7\Harjoitus7.csproj", "{E95774A4-846B-4AE7-98B8-146AB5BB56F1}"
EndProject
Project("{9A19103F-16F7-4668-BE54-9A1E7A4F7556}") = "Harjoitus8KT", "Harjoitus8KT\Harjoitus8KT.csproj", "{4950D7CE-452C-4EB6-A785-6E104E130893}"
EndProject
Project("{9A19103F-16F7-4668-BE54-9A1E7A4F7556}") = "Harjoitus9KT", "Harjoitus9KT\Harjoitus9KT.csproj", "{1695DA76-8339-4019-BA35-0AA7423C9915}"
EndProject
Project("{9A19103F-16F7-4668-BE54-9A1E7A4F7556}") = "Harjoitus10", "Harjoitus10\Harjoitus10.csproj", "{FDD854A2-B2D3-44BB-92A6-3F52857B9847}"
EndProject
Project("{9A19103F-16F7-4668-BE54-9A1E7A4F7556}") = "Harjoitus11", "Harjoitus11\Harjoitus11.csproj", "{76BF6960-31C5-4A90-BA93-3864FFD538C3}"
EndProject
Project("{9A19103F-16F7-4668-BE54-9A1E7A4F7556}") = "Harjoitus12KT", "Harjoitus12KT\Harjoitus12KT.csproj", "{9A212676-69DD-409F-AD7E-54BA4C0A133F}"
EndProject
Project("{9A19103F-16F7-4668-BE54-9A1E7A4F7556}") = "Harjoitus13KT", "ConsoleApp1\Harjoitus13KT.csproj", "{C40092DE-31A1-4702-86DD-3494A67D38F0}"
EndProject
Project("{9A19103F-16F7-4668-BE54-9A1E7A4F7556}") = "Harjoitus15KT", "Harjoitus15KT\Harjoitus15KT.csproj", "{BA702925-E411-42DB-867B-00163194413A}"
EndProject
Project("{9A19103F-16F7-4668-BE54-9A1E7A4F7556}") = "Harjoitus16KT", "Harjoitus16KT\Harjoitus16KT.csproj", "{0D748C00-5BE9-41D8-A3BD-846F2F7E210F}"
EndProject
Project("{9A19103F-16F7-4668-BE54-9A1E7A4F7556}") = "Harjoitus17KT", "Harjoitus17KT\Harjoitus17KT.csproj", "{BFE9DC32-3050-4B56-BD25-BAF87F5C409E}"
EndProject
Project("{FAE04EC0-301F-11D3-BF4B-00C04F79EFBC}") = "Harjoitus18KT", "Harjoitus18KT\Harjoitus18KT.csproj", "{D2A8E219-0C30-429D-88C5-7F01260D7060}"
EndProject
Project("{FAE04EC0-301F-11D3-BF4B-00C04F79EFBC}") = "Harjoitus21KT", "Harjoitus21KT\Harjoitus21KT.csproj", "{0D9ACBAE-EA1C-4ABC-B0CD-C0717ECE8566}"
EndProject
Project("{FAE04EC0-301F-11D3-BF4B-00C04F79EFBC}") = "Harjoitus26KT", "Harjoitus26KT\Harjoitus26KT.csproj", "{DCB1ECEF-415C-4518-B233-E5BDB9718ADA}"
EndProject
Global
	GlobalSection(SolutionConfigurationPlatforms) = preSolution
		Debug|Any CPU = Debug|Any CPU
		Release|Any CPU = Release|Any CPU
	EndGlobalSection
	GlobalSection(ProjectConfigurationPlatforms) = postSolution
		{76BB45DB-E4FA-4365-81E4-8056B0538709}.Debug|Any CPU.ActiveCfg = Debug|Any CPU
		{76BB45DB-E4FA-4365-81E4-8056B0538709}.Debug|Any CPU.Build.0 = Debug|Any CPU
		{76BB45DB-E4FA-4365-81E4-8056B0538709}.Release|Any CPU.ActiveCfg = Release|Any CPU
		{76BB45DB-E4FA-4365-81E4-8056B0538709}.Release|Any CPU.Build.0 = Release|Any CPU
		{3B14A0E5-0F41-4DB8-A9CD-531F673669ED}.Debug|Any CPU.ActiveCfg = Debug|Any CPU
		{3B14A0E5-0F41-4DB8-A9CD-531F673669ED}.Debug|Any CPU.Build.0 = Debug|Any CPU
		{3B14A0E5-0F41-4DB8-A9CD-531F673669ED}.Release|Any CPU.ActiveCfg = Release|Any CPU
		{3B14A0E5-0F41-4DB8-A9CD-531F673669ED}.Release|Any CPU.Build.0 = Release|Any CPU
		{B017010C-B094-440A-889D-1636884D62C3}.Debug|Any CPU.ActiveCfg = Debug|Any CPU
		{B017010C-B094-440A-889D-1636884D62C3}.Debug|Any CPU.Build.0 = Debug|Any CPU
		{B017010C-B094-440A-889D-1636884D62C3}.Release|Any CPU.ActiveCfg = Release|Any CPU
		{B017010C-B094-440A-889D-1636884D62C3}.Release|Any CPU.Build.0 = Release|Any CPU
		{B447A126-7E12-49D1-9A30-9607076820B5}.Debug|Any CPU.ActiveCfg = Debug|Any CPU
		{B447A126-7E12-49D1-9A30-9607076820B5}.Debug|Any CPU.Build.0 = Debug|Any CPU
		{B447A126-7E12-49D1-9A30-9607076820B5}.Release|Any CPU.ActiveCfg = Release|Any CPU
		{B447A126-7E12-49D1-9A30-9607076820B5}.Release|Any CPU.Build.0 = Release|Any CPU
		{C10A4CA5-1CB3-4CE8-96DB-3D4BEB643924}.Debug|Any CPU.ActiveCfg = Debug|Any CPU
		{C10A4CA5-1CB3-4CE8-96DB-3D4BEB643924}.Debug|Any CPU.Build.0 = Debug|Any CPU
		{C10A4CA5-1CB3-4CE8-96DB-3D4BEB643924}.Release|Any CPU.ActiveCfg = Release|Any CPU
		{C10A4CA5-1CB3-4CE8-96DB-3D4BEB643924}.Release|Any CPU.Build.0 = Release|Any CPU
		{2990F691-2EEB-4456-BD1A-39784E6B4683}.Debug|Any CPU.ActiveCfg = Debug|Any CPU
		{2990F691-2EEB-4456-BD1A-39784E6B4683}.Debug|Any CPU.Build.0 = Debug|Any CPU
		{2990F691-2EEB-4456-BD1A-39784E6B4683}.Release|Any CPU.ActiveCfg = Release|Any CPU
		{2990F691-2EEB-4456-BD1A-39784E6B4683}.Release|Any CPU.Build.0 = Release|Any CPU
		{E95774A4-846B-4AE7-98B8-146AB5BB56F1}.Debug|Any CPU.ActiveCfg = Debug|Any CPU
		{E95774A4-846B-4AE7-98B8-146AB5BB56F1}.Debug|Any CPU.Build.0 = Debug|Any CPU
		{E95774A4-846B-4AE7-98B8-146AB5BB56F1}.Release|Any CPU.ActiveCfg = Release|Any CPU
		{E95774A4-846B-4AE7-98B8-146AB5BB56F1}.Release|Any CPU.Build.0 = Release|Any CPU
		{4950D7CE-452C-4EB6-A785-6E104E130893}.Debug|Any CPU.ActiveCfg = Debug|Any CPU
		{4950D7CE-452C-4EB6-A785-6E104E130893}.Debug|Any CPU.Build.0 = Debug|Any CPU
		{4950D7CE-452C-4EB6-A785-6E104E130893}.Release|Any CPU.ActiveCfg = Release|Any CPU
		{4950D7CE-452C-4EB6-A785-6E104E130893}.Release|Any CPU.Build.0 = Release|Any CPU
		{1695DA76-8339-4019-BA35-0AA7423C9915}.Debug|Any CPU.ActiveCfg = Debug|Any CPU
		{1695DA76-8339-4019-BA35-0AA7423C9915}.Debug|Any CPU.Build.0 = Debug|Any CPU
		{1695DA76-8339-4019-BA35-0AA7423C9915}.Release|Any CPU.ActiveCfg = Release|Any CPU
		{1695DA76-8339-4019-BA35-0AA7423C9915}.Release|Any CPU.Build.0 = Release|Any CPU
		{FDD854A2-B2D3-44BB-92A6-3F52857B9847}.Debug|Any CPU.ActiveCfg = Debug|Any CPU
		{FDD854A2-B2D3-44BB-92A6-3F52857B9847}.Debug|Any CPU.Build.0 = Debug|Any CPU
		{FDD854A2-B2D3-44BB-92A6-3F52857B9847}.Release|Any CPU.ActiveCfg = Release|Any CPU
		{FDD854A2-B2D3-44BB-92A6-3F52857B9847}.Release|Any CPU.Build.0 = Release|Any CPU
		{76BF6960-31C5-4A90-BA93-3864FFD538C3}.Debug|Any CPU.ActiveCfg = Debug|Any CPU
		{76BF6960-31C5-4A90-BA93-3864FFD538C3}.Debug|Any CPU.Build.0 = Debug|Any CPU
		{76BF6960-31C5-4A90-BA93-3864FFD538C3}.Release|Any CPU.ActiveCfg = Release|Any CPU
		{76BF6960-31C5-4A90-BA93-3864FFD538C3}.Release|Any CPU.Build.0 = Release|Any CPU
		{9A212676-69DD-409F-AD7E-54BA4C0A133F}.Debug|Any CPU.ActiveCfg = Debug|Any CPU
		{9A212676-69DD-409F-AD7E-54BA4C0A133F}.Debug|Any CPU.Build.0 = Debug|Any CPU
		{9A212676-69DD-409F-AD7E-54BA4C0A133F}.Release|Any CPU.ActiveCfg = Release|Any CPU
		{9A212676-69DD-409F-AD7E-54BA4C0A133F}.Release|Any CPU.Build.0 = Release|Any CPU
		{C40092DE-31A1-4702-86DD-3494A67D38F0}.Debug|Any CPU.ActiveCfg = Debug|Any CPU
		{C40092DE-31A1-4702-86DD-3494A67D38F0}.Debug|Any CPU.Build.0 = Debug|Any CPU
		{C40092DE-31A1-4702-86DD-3494A67D38F0}.Release|Any CPU.ActiveCfg = Release|Any CPU
		{C40092DE-31A1-4702-86DD-3494A67D38F0}.Release|Any CPU.Build.0 = Release|Any CPU
		{BA702925-E411-42DB-867B-00163194413A}.Debug|Any CPU.ActiveCfg = Debug|Any CPU
		{BA702925-E411-42DB-867B-00163194413A}.Debug|Any CPU.Build.0 = Debug|Any CPU
		{BA702925-E411-42DB-867B-00163194413A}.Release|Any CPU.ActiveCfg = Release|Any CPU
		{BA702925-E411-42DB-867B-00163194413A}.Release|Any CPU.Build.0 = Release|Any CPU
		{0D748C00-5BE9-41D8-A3BD-846F2F7E210F}.Debug|Any CPU.ActiveCfg = Debug|Any CPU
		{0D748C00-5BE9-41D8-A3BD-846F2F7E210F}.Debug|Any CPU.Build.0 = Debug|Any CPU
		{0D748C00-5BE9-41D8-A3BD-846F2F7E210F}.Release|Any CPU.ActiveCfg = Release|Any CPU
		{0D748C00-5BE9-41D8-A3BD-846F2F7E210F}.Release|Any CPU.Build.0 = Release|Any CPU
		{BFE9DC32-3050-4B56-BD25-BAF87F5C409E}.Debug|Any CPU.ActiveCfg = Debug|Any CPU
		{BFE9DC32-3050-4B56-BD25-BAF87F5C409E}.Debug|Any CPU.Build.0 = Debug|Any CPU
		{BFE9DC32-3050-4B56-BD25-BAF87F5C409E}.Release|Any CPU.ActiveCfg = Release|Any CPU
		{BFE9DC32-3050-4B56-BD25-BAF87F5C409E}.Release|Any CPU.Build.0 = Release|Any CPU
		{D2A8E219-0C30-429D-88C5-7F01260D7060}.Debug|Any CPU.ActiveCfg = Debug|Any CPU
		{D2A8E219-0C30-429D-88C5-7F01260D7060}.Debug|Any CPU.Build.0 = Debug|Any CPU
		{D2A8E219-0C30-429D-88C5-7F01260D7060}.Release|Any CPU.ActiveCfg = Release|Any CPU
		{D2A8E219-0C30-429D-88C5-7F01260D7060}.Release|Any CPU.Build.0 = Release|Any CPU
		{0D9ACBAE-EA1C-4ABC-B0CD-C0717ECE8566}.Debug|Any CPU.ActiveCfg = Debug|Any CPU
		{0D9ACBAE-EA1C-4ABC-B0CD-C0717ECE8566}.Debug|Any CPU.Build.0 = Debug|Any CPU
		{0D9ACBAE-EA1C-4ABC-B0CD-C0717ECE8566}.Release|Any CPU.ActiveCfg = Release|Any CPU
		{0D9ACBAE-EA1C-4ABC-B0CD-C0717ECE8566}.Release|Any CPU.Build.0 = Release|Any CPU
		{DCB1ECEF-415C-4518-B233-E5BDB9718ADA}.Debug|Any CPU.ActiveCfg = Debug|Any CPU
		{DCB1ECEF-415C-4518-B233-E5BDB9718ADA}.Debug|Any CPU.Build.0 = Debug|Any CPU
		{DCB1ECEF-415C-4518-B233-E5BDB9718ADA}.Release|Any CPU.ActiveCfg = Release|Any CPU
		{DCB1ECEF-415C-4518-B233-E5BDB9718ADA}.Release|Any CPU.Build.0 = Release|Any CPU
	EndGlobalSection
	GlobalSection(SolutionProperties) = preSolution
		HideSolutionNode = FALSE
	EndGlobalSection
	GlobalSection(ExtensibilityGlobals) = postSolution
		SolutionGuid = {F7F78D89-66B7-49A7-8B70-088B9C4EE56F}
	EndGlobalSection
EndGlobal
